{
  "name": "Qb3DGrid",
  "lockfileVersion": 2,
  "requires": true,
  "packages": {
    "": {
      "dependencies": {
        "three": "^0.142.0",
        "threejs-meshline": "^2.0.12"
      }
    },
    "node_modules/three": {
      "version": "0.142.0",
      "resolved": "https://registry.npmjs.org/three/-/three-0.142.0.tgz",
      "integrity": "sha512-ESjPO+3geFr+ZUfVMpMnF/eVU2uJPOh0e2ZpMFqjNca1wApS9lJb7E4MjwGIczgt9iuKd8PEm6Pfgp2bJ92Xtg=="
    },
    "node_modules/threejs-meshline": {
      "version": "2.0.12",
      "resolved": "https://registry.npmjs.org/threejs-meshline/-/threejs-meshline-2.0.12.tgz",
      "integrity": "sha512-2U3SyGWAotT/TJCO9NhBDiaAPUq8X+bgh7hK7fDlwoBg9yOPvjaVzIf8b0A60k7poNhEg225qWaX7WeYlUjC7g=="
    }
  },
  "dependencies": {
    "three": {
      "version": "0.142.0",
      "resolved": "https://registry.npmjs.org/three/-/three-0.142.0.tgz",
      "integrity": "sha512-ESjPO+3geFr+ZUfVMpMnF/eVU2uJPOh0e2ZpMFqjNca1wApS9lJb7E4MjwGIczgt9iuKd8PEm6Pfgp2bJ92Xtg=="
    },
    "threejs-meshline": {
      "version": "2.0.12",
      "resolved": "https://registry.npmjs.org/threejs-meshline/-/threejs-meshline-2.0.12.tgz",
      "integrity": "sha512-2U3SyGWAotT/TJCO9NhBDiaAPUq8X+bgh7hK7fDlwoBg9yOPvjaVzIf8b0A60k7poNhEg225qWaX7WeYlUjC7g=="
    }
  }
}
